
Microsoft Visual Studio Solution File, Format Version 12.00
# Visual Studio 2012
Project("{FAE04EC0-301F-11D3-BF4B-00C04F79EFBC}") = "Noticia", "Noticia\Noticia.csproj", "{59D570B0-5BEF-491C-9BC8-9A1E26948123}"
EndProject
Global
	GlobalSection(SolutionConfigurationPlatforms) = preSolution
		Debug|Any CPU = Debug|Any CPU
		Release|Any CPU = Release|Any CPU
	EndGlobalSection
	GlobalSection(ProjectConfigurationPlatforms) = postSolution
		{59D570B0-5BEF-491C-9BC8-9A1E26948123}.Debug|Any CPU.ActiveCfg = Debug|Any CPU
		{59D570B0-5BEF-491C-9BC8-9A1E26948123}.Debug|Any CPU.Build.0 = Debug|Any CPU
		{59D570B0-5BEF-491C-9BC8-9A1E26948123}.Release|Any CPU.ActiveCfg = Release|Any CPU
		{59D570B0-5BEF-491C-9BC8-9A1E26948123}.Release|Any CPU.Build.0 = Release|Any CPU
	EndGlobalSection
EndGlobal
